{
  "version": 4,
  "terraform_version": "1.9.2",
  "serial": 94,
  "lineage": "c9a19ff5-1ff7-45c1-3cc9-fad4d0f1ecc8",
  "outputs": {
    "vm_ip": {
      "value": {
        "vm-1": "192.168.10.9",
        "vm-2": "192.168.10.22",
        "vm-3": "192.168.10.33"
      },
      "type": [
        "object",
        {
          "vm-1": "string",
          "vm-2": "string",
          "vm-3": "string"
        }
      ]
    },
    "vm_nat_ip": {
      "value": {
        "vm-1": "158.160.56.19",
        "vm-2": "51.250.11.176",
        "vm-3": "158.160.40.180"
      },
      "type": [
        "object",
        {
          "vm-1": "string",
          "vm-2": "string",
          "vm-3": "string"
        }
      ]
    }
  },
  "resources": [
    {
      "mode": "managed",
      "type": "yandex_vpc_network",
      "name": "network-1",
      "provider": "provider[\"registry.terraform.io/yandex-cloud/yandex\"]",
      "instances": [
        {
          "schema_version": 0,
          "attributes": {
            "created_at": "2025-03-06T18:21:32Z",
            "default_security_group_id": "enpu9tc4q3a0gjnk404c",
            "description": "",
            "folder_id": "b1g9bitgejlio7qo41t2",
            "id": "enp2r10gj6cmrd5r8us2",
            "labels": {},
            "name": "network1",
            "subnet_ids": [
              "e9btbb3dvu94ri8ol4cu"
            ],
            "timeouts": null
          },
          "sensitive_attributes": [],
          "private": "eyJlMmJmYjczMC1lY2FhLTExZTYtOGY4OC0zNDM2M2JjN2M0YzAiOnsiY3JlYXRlIjo2MDAwMDAwMDAwMCwiZGVsZXRlIjo2MDAwMDAwMDAwMCwidXBkYXRlIjo2MDAwMDAwMDAwMH19"
        }
      ]
    },
    {
      "mode": "managed",
      "type": "yandex_vpc_subnet",
      "name": "subnet-1",
      "provider": "provider[\"registry.terraform.io/yandex-cloud/yandex\"]",
      "instances": [
        {
          "schema_version": 0,
          "attributes": {
            "created_at": "2025-03-06T18:43:44Z",
            "description": "",
            "dhcp_options": [],
            "folder_id": "b1g9bitgejlio7qo41t2",
            "id": "e9btbb3dvu94ri8ol4cu",
            "labels": {},
            "name": "subnet1",
            "network_id": "enp2r10gj6cmrd5r8us2",
            "route_table_id": "",
            "timeouts": null,
            "v4_cidr_blocks": [
              "192.168.10.0/24"
            ],
            "v6_cidr_blocks": [],
            "zone": "ru-central1-a"
          },
          "sensitive_attributes": [],
          "private": "eyJlMmJmYjczMC1lY2FhLTExZTYtOGY4OC0zNDM2M2JjN2M0YzAiOnsiY3JlYXRlIjoxODAwMDAwMDAwMDAsImRlbGV0ZSI6MTgwMDAwMDAwMDAwLCJ1cGRhdGUiOjE4MDAwMDAwMDAwMH19",
          "dependencies": [
            "yandex_vpc_network.network-1"
          ]
        }
      ]
    }
  ],
  "check_results": null
}
